
Microsoft Visual Studio Solution File, Format Version 12.00
# Visual Studio Version 17
VisualStudioVersion = 17.11.35327.3
MinimumVisualStudioVersion = 10.0.40219.1
Project("{FAE04EC0-301F-11D3-BF4B-00C04F79EFBC}") = "321_Patrakov_Ad", "321_Patrakov_Ad\321_Patrakov_Ad.csproj", "{4561F557-FA01-4DD6-87B2-4C35A7A1FDB0}"
EndProject
Global
	GlobalSection(SolutionConfigurationPlatforms) = preSolution
		Debug|Any CPU = Debug|Any CPU
		Release|Any CPU = Release|Any CPU
	EndGlobalSection
	GlobalSection(ProjectConfigurationPlatforms) = postSolution
		{4561F557-FA01-4DD6-87B2-4C35A7A1FDB0}.Debug|Any CPU.ActiveCfg = Debug|Any CPU
		{4561F557-FA01-4DD6-87B2-4C35A7A1FDB0}.Debug|Any CPU.Build.0 = Debug|Any CPU
		{4561F557-FA01-4DD6-87B2-4C35A7A1FDB0}.Release|Any CPU.ActiveCfg = Release|Any CPU
		{4561F557-FA01-4DD6-87B2-4C35A7A1FDB0}.Release|Any CPU.Build.0 = Release|Any CPU
	EndGlobalSection
	GlobalSection(SolutionProperties) = preSolution
		HideSolutionNode = FALSE
	EndGlobalSection
	GlobalSection(ExtensibilityGlobals) = postSolution
		SolutionGuid = {E6907695-FF96-4347-A358-FDB5C1BB302A}
	EndGlobalSection
EndGlobal
